
Microsoft Visual Studio Solution File, Format Version 12.00
# Visual Studio Version 16
VisualStudioVersion = 16.0.32407.337
MinimumVisualStudioVersion = 10.0.40219.1
Project("{FAE04EC0-301F-11D3-BF4B-00C04F79EFBC}") = "REC-104", "REC-104\REC-104.csproj", "{4022B765-AFFA-48D0-8026-06130BB1368D}"
EndProject
Global
	GlobalSection(SolutionConfigurationPlatforms) = preSolution
		Debug|Any CPU = Debug|Any CPU
		Release|Any CPU = Release|Any CPU
	EndGlobalSection
	GlobalSection(ProjectConfigurationPlatforms) = postSolution
		{4022B765-AFFA-48D0-8026-06130BB1368D}.Debug|Any CPU.ActiveCfg = Debug|Any CPU
		{4022B765-AFFA-48D0-8026-06130BB1368D}.Debug|Any CPU.Build.0 = Debug|Any CPU
		{4022B765-AFFA-48D0-8026-06130BB1368D}.Release|Any CPU.ActiveCfg = Release|Any CPU
		{4022B765-AFFA-48D0-8026-06130BB1368D}.Release|Any CPU.Build.0 = Release|Any CPU
	EndGlobalSection
	GlobalSection(SolutionProperties) = preSolution
		HideSolutionNode = FALSE
	EndGlobalSection
	GlobalSection(ExtensibilityGlobals) = postSolution
		SolutionGuid = {FC38D50E-B821-40C5-A687-904A62C3D51C}
	EndGlobalSection
EndGlobal
